{
  "version": "5",
  "redirects": {
    "https://esm.sh/@kwsites/file-exists@^1.1.1?target=denonext": "https://esm.sh/@kwsites/file-exists@1.1.1?target=denonext",
    "https://esm.sh/@kwsites/promise-deferred@^1.1.1?target=denonext": "https://esm.sh/@kwsites/promise-deferred@1.1.1?target=denonext",
    "https://esm.sh/@vercel/functions@^1.0.2?target=denonext": "https://esm.sh/@vercel/functions@1.6.0?target=denonext",
    "https://esm.sh/ansi-regex@^5.0.1?target=denonext": "https://esm.sh/ansi-regex@5.0.1?target=denonext",
    "https://esm.sh/ansi-styles@^4.1.0?target=denonext": "https://esm.sh/ansi-styles@4.3.0?target=denonext",
    "https://esm.sh/chalk@^4.1.2?target=denonext": "https://esm.sh/chalk@4.1.2?target=denonext",
    "https://esm.sh/cli-progress@^3.12.0?target=denonext": "https://esm.sh/cli-progress@3.12.0?target=denonext",
    "https://esm.sh/color-convert@^2.0.1?target=denonext": "https://esm.sh/color-convert@2.0.1?target=denonext",
    "https://esm.sh/color-name@~1.1.4?target=denonext": "https://esm.sh/color-name@1.1.4?target=denonext",
    "https://esm.sh/debug@^4.1.1?target=denonext": "https://esm.sh/debug@4.4.3?target=denonext",
    "https://esm.sh/debug@^4.4.0?target=denonext": "https://esm.sh/debug@4.4.3?target=denonext",
    "https://esm.sh/emoji-regex@^8.0.0?target=denonext": "https://esm.sh/emoji-regex@8.0.0?target=denonext",
    "https://esm.sh/eventsource-parser@^1.1.2?target=denonext": "https://esm.sh/eventsource-parser@1.1.2?target=denonext",
    "https://esm.sh/has-flag@^4.0.0?target=denonext": "https://esm.sh/has-flag@4.0.0?target=denonext",
    "https://esm.sh/is-fullwidth-code-point@^3.0.0?target=denonext": "https://esm.sh/is-fullwidth-code-point@3.0.0?target=denonext",
    "https://esm.sh/ms@^2.1.3?target=denonext": "https://esm.sh/ms@2.1.3?target=denonext",
    "https://esm.sh/mustache@^4.2.0?target=denonext": "https://esm.sh/mustache@4.2.0?target=denonext",
    "https://esm.sh/pluralize@^8.0.0?target=denonext": "https://esm.sh/pluralize@8.0.0?target=denonext",
    "https://esm.sh/simple-git@^3.21.0?target=denonext": "https://esm.sh/simple-git@3.30.0?target=denonext",
    "https://esm.sh/slugify@^1.6.6?target=denonext": "https://esm.sh/slugify@1.6.6?target=denonext",
    "https://esm.sh/string-width@^4.2.3?target=denonext": "https://esm.sh/string-width@4.2.3?target=denonext",
    "https://esm.sh/strip-ansi@^6.0.1?target=denonext": "https://esm.sh/strip-ansi@6.0.1?target=denonext",
    "https://esm.sh/supports-color?target=denonext": "https://esm.sh/supports-color@10.2.2?target=denonext",
    "https://esm.sh/supports-color@^7.1.0?target=denonext": "https://esm.sh/supports-color@7.2.0?target=denonext",
    "https://esm.sh/uuid@^9.0.1?target=denonext": "https://esm.sh/uuid@9.0.1?target=denonext",
    "https://esm.sh/zod@^3.25.34/v3?target=denonext": "https://esm.sh/zod@3.25.76/v3?target=denonext"
  },
  "remote": {
    "https://deno.land/std@0.168.0/async/abortable.ts": "80b2ac399f142cc528f95a037a7d0e653296352d95c681e284533765961de409",
    "https://deno.land/std@0.168.0/async/deadline.ts": "2c2deb53c7c28ca1dda7a3ad81e70508b1ebc25db52559de6b8636c9278fd41f",
    "https://deno.land/std@0.168.0/async/debounce.ts": "60301ffb37e730cd2d6f9dadfd0ecb2a38857681bd7aaf6b0a106b06e5210a98",
    "https://deno.land/std@0.168.0/async/deferred.ts": "77d3f84255c3627f1cc88699d8472b664d7635990d5358c4351623e098e917d6",
    "https://deno.land/std@0.168.0/async/delay.ts": "5a9bfba8de38840308a7a33786a0155a7f6c1f7a859558ddcec5fe06e16daf57",
    "https://deno.land/std@0.168.0/async/mod.ts": "7809ad4bb223e40f5fdc043e5c7ca04e0e25eed35c32c3c32e28697c553fa6d9",
    "https://deno.land/std@0.168.0/async/mux_async_iterator.ts": "770a0ff26c59f8bbbda6b703a2235f04e379f73238e8d66a087edc68c2a2c35f",
    "https://deno.land/std@0.168.0/async/pool.ts": "6854d8cd675a74c73391c82005cbbe4cc58183bddcd1fbbd7c2bcda42b61cf69",
    "https://deno.land/std@0.168.0/async/retry.ts": "e8e5173623915bbc0ddc537698fa418cf875456c347eda1ed453528645b42e67",
    "https://deno.land/std@0.168.0/async/tee.ts": "3a47cc4e9a940904fd4341f0224907e199121c80b831faa5ec2b054c6d2eff5e",
    "https://deno.land/std@0.168.0/http/server.ts": "e99c1bee8a3f6571ee4cdeb2966efad465b8f6fe62bec1bdb59c1f007cc4d155",
    "https://deno.land/std@0.99.0/_util/assert.ts": "2f868145a042a11d5ad0a3c748dcf580add8a0dbc0e876eaa0026303a5488f58",
    "https://deno.land/std@0.99.0/_util/os.ts": "e282950a0eaa96760c0cf11e7463e66babd15ec9157d4c9ed49cc0925686f6a7",
    "https://deno.land/std@0.99.0/path/_constants.ts": "1247fee4a79b70c89f23499691ef169b41b6ccf01887a0abd131009c5581b853",
    "https://deno.land/std@0.99.0/path/_interface.ts": "1fa73b02aaa24867e481a48492b44f2598cd9dfa513c7b34001437007d3642e4",
    "https://deno.land/std@0.99.0/path/_util.ts": "2e06a3b9e79beaf62687196bd4b60a4c391d862cfa007a20fc3a39f778ba073b",
    "https://deno.land/std@0.99.0/path/common.ts": "eaf03d08b569e8a87e674e4e265e099f237472b6fd135b3cbeae5827035ea14a",
    "https://deno.land/std@0.99.0/path/glob.ts": "314ad9ff263b895795208cdd4d5e35a44618ca3c6dd155e226fb15d065008652",
    "https://deno.land/std@0.99.0/path/mod.ts": "4465dc494f271b02569edbb4a18d727063b5dbd6ed84283ff906260970a15d12",
    "https://deno.land/std@0.99.0/path/posix.ts": "f56c3c99feb47f30a40ce9d252ef6f00296fa7c0fcb6dd81211bdb3b8b99ca3b",
    "https://deno.land/std@0.99.0/path/separator.ts": "8fdcf289b1b76fd726a508f57d3370ca029ae6976fcde5044007f062e643ff1c",
    "https://deno.land/std@0.99.0/path/win32.ts": "77f7b3604e0de40f3a7c698e8a79e7f601dc187035a1c21cb1e596666ce112f8",
    "https://deno.land/x/media_types@v2.9.0/db.ts": "ba39cddbcefce47d577c0529066787a3a7b39d27750a6d32b5ad53ed487e7b7b",
    "https://deno.land/x/media_types@v2.9.0/deps.ts": "364b24c35845cfd5c6903ab22b8ba9873bf1022bbbf6bf3d001695332d4bbb4f",
    "https://deno.land/x/media_types@v2.9.0/mod.ts": "d63583b978d32eff8b76e1ae5d83cba2fb27baa90cc1bcb0ad15a06122ea8c19",
    "https://deno.land/x/xhr@0.1.0/mod.ts": "5200325d879e571961f0927e8e32e66fd33f4ba0d29a219560cf9e0fe9bc6cdf",
    "https://esm.sh/@kwsites/file-exists@1.1.1/denonext/file-exists.mjs": "5d3e34f997c6c1a3de0ffecf4c25c2ec4510c59707b2b77de43a45900c6f5ec6",
    "https://esm.sh/@kwsites/file-exists@1.1.1?target=denonext": "cbad51d50f31702c232a82b2ebf0aee0d626051b972fc1b5d771aac2b88ebd5a",
    "https://esm.sh/@kwsites/promise-deferred@1.1.1/denonext/promise-deferred.mjs": "94211a37ac18b97e7be4ac6fe725952ddaa66b2bcb3cd31cbf228bcb2b06b3f9",
    "https://esm.sh/@kwsites/promise-deferred@1.1.1?target=denonext": "09805b88d4e2ff814781ca392a7d8d5d48a73747437fb09ce0cdbdbe921f0eaf",
    "https://esm.sh/@vercel/functions@1.6.0/denonext/functions.mjs": "b73a411dd39b1772c991d8166779f4701c4f5940c300a6dbb8ab0b93ae7fde53",
    "https://esm.sh/@vercel/functions@1.6.0/denonext/get-context.mjs": "97f2d091ee9ff5b4d0410d6875f52fccdfaaf59adf826501efd7d18caa91a590",
    "https://esm.sh/@vercel/functions@1.6.0/denonext/headers.mjs": "0adbc95b3ce798bbe209a89fb4aa46cc7b97899bb05167df7d81fb28ce55ab2a",
    "https://esm.sh/@vercel/functions@1.6.0/denonext/middleware.mjs": "812f8931d830323b0f939a28725b36ba1c522f91246243fc9eb0d4583b74157d",
    "https://esm.sh/@vercel/functions@1.6.0?target=denonext": "3cd287ae6dfe71f459ee54c1772b94fa32d9090c3957e281d4db5bc6f0bca7d8",
    "https://esm.sh/ansi-regex@5.0.1/denonext/ansi-regex.mjs": "657078ebd509ad0609bd50cbe926c87ff54cff769136dfc050ffb3f63b5fb8e3",
    "https://esm.sh/ansi-regex@5.0.1?target=denonext": "cef49c3f2a9750f63aa4c70f2037a34036d08ad61d7f6da2a774d6ef6090b05c",
    "https://esm.sh/ansi-styles@4.3.0/denonext/ansi-styles.mjs": "f92a2a6ff9a3548ef9824c2ed7b054025df3a0fd1ce0f19455d61e656bc88e07",
    "https://esm.sh/ansi-styles@4.3.0?target=denonext": "449ddfe9f05b1d7c660166e044832eceaaca61f37b0ea3180aff9439227fe63e",
    "https://esm.sh/braintrust@0.4.8": "f2c016c10f119fa0afa71433e6b031bca7e2262e526519c2ec84b9915a8f2bd3",
    "https://esm.sh/braintrust@0.4.8/denonext/braintrust.mjs": "e2df55eda4a825fd77fbd6c4bde0d44755305d4215cd4282e1b7c18ebd125fc1",
    "https://esm.sh/chalk@4.1.2/denonext/chalk.mjs": "9187ca5ecb3b97f51ce51e5d796cdf20b2d281e98fde12015872b82ec357d342",
    "https://esm.sh/chalk@4.1.2?target=denonext": "964f095d761be8c1a4772f646f99abbbf38cfe4c213d8c3af80bc0dd48456393",
    "https://esm.sh/cli-progress@3.12.0/denonext/cli-progress.mjs": "d18024890893a0859e864e134bc65267f4d38ad87dbabc9d2d0e2452d834a81d",
    "https://esm.sh/cli-progress@3.12.0?target=denonext": "45ee032953cb0a829c503564bc5dd7f28bcb2bce426d3d5025135e49efb5b2f0",
    "https://esm.sh/color-convert@2.0.1/denonext/color-convert.mjs": "37574fd691311f042bb20d0334c13b2b7e5374b25d86911cdea6ae965800cb1b",
    "https://esm.sh/color-convert@2.0.1?target=denonext": "df6d07b59fbe52a096d8aea9e79fc32b693e9dd9666054b4566cbad4d48c62fe",
    "https://esm.sh/color-name@1.1.4/denonext/color-name.mjs": "3b5b10fc0cd9f96d56c81cc7559a2106ff64a401a8100cd33e1f4b68e677c562",
    "https://esm.sh/color-name@1.1.4?target=denonext": "55709266f414e5115ac52d6831ba4951f7c8b9ac663f0f79ddc8ed782b4fb735",
    "https://esm.sh/debug@4.4.3/denonext/debug.mjs": "fc4bb8fd2502bf87537c57f5c7c3213eb0258040361828a03970ba7d0933c516",
    "https://esm.sh/debug@4.4.3?target=denonext": "9df8b8806c13297f96185899110f8146b8b0c7944847c8392cbfb4e730a634dd",
    "https://esm.sh/emoji-regex@8.0.0/denonext/emoji-regex.mjs": "3969ad7b107b6f585354a5019c24320e3d91d6bb70a96e2beead925247aed9dc",
    "https://esm.sh/emoji-regex@8.0.0?target=denonext": "60f2b0edb22d249525b4b284b0268e1d3a04a5e9dc4083e9e63c7372752e6de5",
    "https://esm.sh/eventsource-parser@1.1.2/denonext/eventsource-parser.mjs": "a81018c6335bd87bc56ced8bebc4dcd78c9a263b7fdc80cd643bf2194191b9c0",
    "https://esm.sh/eventsource-parser@1.1.2?target=denonext": "a245f5513e9941f44e58c6cabbfcbaa245c7aba3e26bc2a788ef02c6058bf132",
    "https://esm.sh/has-flag@4.0.0/denonext/has-flag.mjs": "f0b7a96d6f0fb511a4394b68e679a0c4ff6f2dd6762c178846ca117d29d0dbd3",
    "https://esm.sh/has-flag@4.0.0?target=denonext": "f0fce90fca2a5c1b7ef038d0426f5d0145938585dd061e5413d078747913d48b",
    "https://esm.sh/is-fullwidth-code-point@3.0.0/denonext/is-fullwidth-code-point.mjs": "5b06355ee12e6ff7147d9e56fe9cf31f344a8c6d2ee149f439d4b4ac7086e34f",
    "https://esm.sh/is-fullwidth-code-point@3.0.0?target=denonext": "417807304b3c7385ca5bcf277d0612e3236ff78539edd0b6fd626f7d275892ea",
    "https://esm.sh/ms@2.1.3/denonext/ms.mjs": "9039464da1f4ae1c2042742d335c82556c048bbe49449b5d0cd5198193afa147",
    "https://esm.sh/ms@2.1.3?target=denonext": "36f5aa7503ff0ff44ce9e3155a60362d8d3ae5db8db048be5764a3a515b6a263",
    "https://esm.sh/mustache@4.2.0/denonext/mustache.mjs": "8a90a398468999468a8e9abb6b93b459b698eed6844ee30c450490363890ba2a",
    "https://esm.sh/mustache@4.2.0?target=denonext": "59e481b3b41049a1b6e0806c3c58d9df6ef9da4195a6a8b52bcdab13fb616de3",
    "https://esm.sh/pluralize@8.0.0/denonext/pluralize.mjs": "b01db1dafd1a67123b3d2dc8c2b8a63ba6efcdbdd016af565cd69f395a776844",
    "https://esm.sh/pluralize@8.0.0?target=denonext": "f5e29b6a1a3bfbc97622cb5fb7b07d5121c0874f080b8a7c8da91b25196ce211",
    "https://esm.sh/simple-git@3.30.0/denonext/simple-git.mjs": "58c04cf2aa6bcc0e1fcbba1cfb2adf34c8a647da06508546cb22ff5bad7dbc3c",
    "https://esm.sh/simple-git@3.30.0?target=denonext": "d1a9813f681878daa8e551b2c84f7f353b49030491c7469f882963fefc542608",
    "https://esm.sh/slugify@1.6.6/denonext/slugify.mjs": "8df69af155da1117ddace276f601e1234ba0b52aaf92f1bedc58d5afa85710a1",
    "https://esm.sh/slugify@1.6.6?target=denonext": "4dff180ff2027a0e0f1a4029621ee2534258138e27683936e1bfcaa64675f1ea",
    "https://esm.sh/string-width@4.2.3/denonext/string-width.mjs": "af5aad2a4d45bfdddf72724834d5c9b967e920ac35b7348af036f8a5e4bd4158",
    "https://esm.sh/string-width@4.2.3?target=denonext": "af996f7b29ace74220e49229fa9a95f37bbdb66062402f131a6fb913cb61602b",
    "https://esm.sh/strip-ansi@6.0.1/denonext/strip-ansi.mjs": "8b3f7024373c01cd27607e74c7607a410d31f91c302d725ba83ba611f5c3e70a",
    "https://esm.sh/strip-ansi@6.0.1?target=denonext": "91e030dde3ce1109ebda5c33832f9c96b678aee0d6d0360095eb127b33939976",
    "https://esm.sh/supports-color@10.2.2/denonext/supports-color.mjs": "a263c0229c209e3fed166348cd02e96f08996902c9e8e7c6de4ac50c8ee2a748",
    "https://esm.sh/supports-color@10.2.2?target=denonext": "f938c90ae6175cd0ec937dabb90259b115033d9dfde267b69566089f06f92d06",
    "https://esm.sh/supports-color@7.2.0/denonext/supports-color.mjs": "d8c81b9a742783a5dcecb2d6c301de5bed4459113bdcee41175aa7fdbe812443",
    "https://esm.sh/supports-color@7.2.0?target=denonext": "e161939e3c5a2e8adc3edc8de038fa9e4c0d9df41e1ca1ee42e60d209c7a9b4a",
    "https://esm.sh/uuid@9.0.1/denonext/uuid.mjs": "25ffc9943d4b3691671de82d30c147ecfa2a8fae6f4319db28dadb0dacc19450",
    "https://esm.sh/uuid@9.0.1?target=denonext": "11c38693969f62a617de5ceee47ddc29ae892ae81491378a933436788fad3c8b",
    "https://esm.sh/zod@3.25.76/denonext/v3.mjs": "c1e29daff179bdd79b5cc6b114cf90096ebc57e0ff692e94b409d5f191aab162",
    "https://esm.sh/zod@3.25.76/v3?target=denonext": "20a4530a4f7b9b822011625cd5e2c0a77feb33e7300827ad8d87298384c8a1d9"
  },
  "workspace": {
    "packageJson": {
      "dependencies": [
        "npm:@eslint/js@^9.32.0",
        "npm:@hookform/resolvers@^3.10.0",
        "npm:@radix-ui/react-accordion@^1.2.11",
        "npm:@radix-ui/react-alert-dialog@^1.1.14",
        "npm:@radix-ui/react-aspect-ratio@^1.1.7",
        "npm:@radix-ui/react-avatar@^1.1.10",
        "npm:@radix-ui/react-checkbox@^1.3.2",
        "npm:@radix-ui/react-collapsible@^1.1.11",
        "npm:@radix-ui/react-context-menu@^2.2.15",
        "npm:@radix-ui/react-dialog@^1.1.14",
        "npm:@radix-ui/react-dropdown-menu@^2.1.15",
        "npm:@radix-ui/react-hover-card@^1.1.14",
        "npm:@radix-ui/react-label@^2.1.7",
        "npm:@radix-ui/react-menubar@^1.1.15",
        "npm:@radix-ui/react-navigation-menu@^1.2.13",
        "npm:@radix-ui/react-popover@^1.1.14",
        "npm:@radix-ui/react-progress@^1.1.7",
        "npm:@radix-ui/react-radio-group@^1.3.7",
        "npm:@radix-ui/react-scroll-area@^1.2.9",
        "npm:@radix-ui/react-select@^2.2.5",
        "npm:@radix-ui/react-separator@^1.1.7",
        "npm:@radix-ui/react-slider@^1.3.5",
        "npm:@radix-ui/react-slot@^1.2.3",
        "npm:@radix-ui/react-switch@^1.2.5",
        "npm:@radix-ui/react-tabs@^1.1.12",
        "npm:@radix-ui/react-toast@^1.2.14",
        "npm:@radix-ui/react-toggle-group@^1.1.10",
        "npm:@radix-ui/react-toggle@^1.1.9",
        "npm:@radix-ui/react-tooltip@^1.2.7",
        "npm:@supabase/supabase-js@^2.78.0",
        "npm:@tailwindcss/typography@~0.5.16",
        "npm:@tanstack/react-query@^5.83.0",
        "npm:@types/node@^22.16.5",
        "npm:@types/react-dom@^18.3.7",
        "npm:@types/react@^18.3.23",
        "npm:@vitejs/plugin-react-swc@^3.11.0",
        "npm:autoprefixer@^10.4.21",
        "npm:braintrust@~0.4.8",
        "npm:class-variance-authority@~0.7.1",
        "npm:clsx@^2.1.1",
        "npm:cmdk@^1.1.1",
        "npm:date-fns@^3.6.0",
        "npm:embla-carousel-react@^8.6.0",
        "npm:eslint-plugin-react-hooks@^5.2.0",
        "npm:eslint-plugin-react-refresh@~0.4.20",
        "npm:eslint@^9.32.0",
        "npm:globals@^15.15.0",
        "npm:input-otp@^1.4.2",
        "npm:lovable-tagger@^1.1.11",
        "npm:lucide-react@0.462",
        "npm:next-themes@0.3",
        "npm:postcss@^8.5.6",
        "npm:react-day-picker@^8.10.1",
        "npm:react-dom@^18.3.1",
        "npm:react-hook-form@^7.61.1",
        "npm:react-resizable-panels@^2.1.9",
        "npm:react-router-dom@^6.30.1",
        "npm:react@^18.3.1",
        "npm:recharts@^2.15.4",
        "npm:sonner@^1.7.4",
        "npm:tailwind-merge@^2.6.0",
        "npm:tailwindcss-animate@^1.0.7",
        "npm:tailwindcss@^3.4.17",
        "npm:typescript-eslint@^8.38.0",
        "npm:typescript@^5.8.3",
        "npm:vaul@~0.9.9",
        "npm:vite@^5.4.19",
        "npm:zod@^3.25.76"
      ]
    }
  }
}
